# This file is automatically @generated by Cargo.
# It is not intended for manual editing.
version = 3

[[package]]
name = "owo-colors"
version = "3.2.0"
source = "registry+https://github.com/rust-lang/crates.io-index"
checksum = "20448fd678ec04e6ea15bbe0476874af65e98a01515d667aa49f1434dc44ebf4"

[[package]]
name = "velocity"
version = "0.1.0"
dependencies = [
 "owo-colors",
]
